
Microsoft Visual Studio Solution File, Format Version 12.00
Project("{2150E333-8FDC-42A3-9474-1A3956D46DE8}") = "src", "src", "{4118363B-5E25-4302-8347-7B1A01537745}"
EndProject
Project("{2150E333-8FDC-42A3-9474-1A3956D46DE8}") = "tests", "tests", "{213CF526-CBCA-4DDA-B826-A41575A16D94}"
EndProject
Project("{2150E333-8FDC-42A3-9474-1A3956D46DE8}") = "Application", "Application", "{7162EAEB-1718-406E-85A3-A68850AE9046}"
EndProject
Project("{2150E333-8FDC-42A3-9474-1A3956D46DE8}") = "Domain", "Domain", "{3299A72F-41B2-4141-BF59-E3E643930849}"
EndProject
Project("{2150E333-8FDC-42A3-9474-1A3956D46DE8}") = "Infrastructure", "Infrastructure", "{AC6A16DC-B3CD-4F8E-B038-ED355EB51296}"
EndProject
Project("{FAE04EC0-301F-11D3-BF4B-00C04F79EFBC}") = "Octogram.Chats.Application.Web", "src\Application\Octogram.Chats.Application.Web\Octogram.Chats.Application.Web.csproj", "{BD0C46DC-EC82-4017-848C-648C0248FAD5}"
EndProject
Project("{FAE04EC0-301F-11D3-BF4B-00C04F79EFBC}") = "Octogram.Chats.Domain.Chats", "src\Domain\Octogram.Chats.Domain.Chats\Octogram.Chats.Domain.Chats.csproj", "{F72ECAE7-E8F0-4EF1-9E7B-215C7721153E}"
EndProject
Project("{FAE04EC0-301F-11D3-BF4B-00C04F79EFBC}") = "Octogram.Chats.Domain.Members", "src\Domain\Octogram.Chats.Domain.Members\Octogram.Chats.Domain.Members.csproj", "{198FC642-21DA-4263-BD9B-8AAAD2F89644}"
EndProject
Project("{FAE04EC0-301F-11D3-BF4B-00C04F79EFBC}") = "Octogram.Chats.Domain.Messages", "src\Domain\Octogram.Chats.Domain.Messages\Octogram.Chats.Domain.Messages.csproj", "{2A3FD5DC-7FB5-46D7-8E51-E3D92B875032}"
EndProject
Project("{FAE04EC0-301F-11D3-BF4B-00C04F79EFBC}") = "Octogram.Chats.Infrastructure.IoC", "src\Infrastructure\Octogram.Chats.Infrastructure.IoC\Octogram.Chats.Infrastructure.IoC.csproj", "{D55688BC-E44B-4233-9FB3-DD9B51AD8669}"
EndProject
Project("{FAE04EC0-301F-11D3-BF4B-00C04F79EFBC}") = "Octogram.Chats.Infrastructure.IoC.Queries", "src\Infrastructure\Octogram.Chats.Infrastructure.IoC.Queries\Octogram.Chats.Infrastructure.IoC.Queries.csproj", "{44EECE19-5BE6-4765-A5EB-FE8DA74CB8B2}"
EndProject
Project("{FAE04EC0-301F-11D3-BF4B-00C04F79EFBC}") = "Octogram.Chats.Infrastructure.IoC.Repositories", "src\Infrastructure\Octogram.Chats.Infrastructure.IoC.Repositories\Octogram.Chats.Infrastructure.IoC.Repositories.csproj", "{A00CD2B0-7414-4006-ACDC-45E69D6E09BA}"
EndProject
Project("{FAE04EC0-301F-11D3-BF4B-00C04F79EFBC}") = "Octogram.Chats.Infrastructure.Repository.EntityFrameworkCore", "src\Infrastructure\Octogram.Chats.Infrastructure.Repository.EntityFrameworkCore\Octogram.Chats.Infrastructure.Repository.EntityFrameworkCore.csproj", "{F47C40F1-BDCB-49EC-A04E-492651A3807C}"
EndProject
Project("{FAE04EC0-301F-11D3-BF4B-00C04F79EFBC}") = "Octogram.Chats.Infrastructure.Queries.EntityFrameworkCore", "src\Infrastructure\Octogram.Chats.Infrastructure.Queries.EntityFrameworkCore\Octogram.Chats.Infrastructure.Queries.EntityFrameworkCore.csproj", "{71578CC2-0D4E-41B1-815B-258C86C2B114}"
EndProject
Project("{FAE04EC0-301F-11D3-BF4B-00C04F79EFBC}") = "Octogram.Chats.Application.Web.Commands", "src\Application\Octogram.Chats.Application.Web.Commands\Octogram.Chats.Application.Web.Commands.csproj", "{1249581E-2864-42B9-93A8-AFCE134EB888}"
EndProject
Project("{FAE04EC0-301F-11D3-BF4B-00C04F79EFBC}") = "Octogram.Chats.Application.Web.Queries", "src\Application\Octogram.Chats.Application.Web.Queries\Octogram.Chats.Application.Web.Queries.csproj", "{2C6115BF-5209-4979-A361-9BE38D17FC93}"
EndProject
Project("{FAE04EC0-301F-11D3-BF4B-00C04F79EFBC}") = "Octogram.Chats.Application.Web.Services", "src\Application\Octogram.Chats.Application.Web.Services\Octogram.Chats.Application.Web.Services.csproj", "{F6C87605-B074-437A-9782-75C6970E0747}"
EndProject
Project("{FAE04EC0-301F-11D3-BF4B-00C04F79EFBC}") = "Octogram.Chats.Application.Web.Consumers", "src\Application\Octogram.Chats.Application.Web.Consumers\Octogram.Chats.Application.Web.Consumers.csproj", "{98767249-06BF-4B7E-8D7A-CDE2FF7EE916}"
EndProject
Project("{FAE04EC0-301F-11D3-BF4B-00C04F79EFBC}") = "Octogram.Chats.Infrastructure.Queries.Chats", "src\Infrastructure\Octogram.Chats.Infrastructure.Queries.Chats\Octogram.Chats.Infrastructure.Queries.Chats.csproj", "{E058A334-8FE9-44C9-B8DE-FAC82373520B}"
EndProject
Project("{FAE04EC0-301F-11D3-BF4B-00C04F79EFBC}") = "Octogram.Chats.Infrastructure.Migrations", "src\Infrastructure\Octogram.Chats.Infrastructure.Migrations\Octogram.Chats.Infrastructure.Migrations.csproj", "{791B5C60-BDE2-4EA3-9EC7-4B97D06058B4}"
EndProject
Project("{9A19103F-16F7-4668-BE54-9A1E7A4F7556}") = "_build", "build\_build.csproj", "{12C2128E-794B-4922-B229-9A6CD7F1766B}"
EndProject
Project("{FAE04EC0-301F-11D3-BF4B-00C04F79EFBC}") = "Octogram.Chats.Application.Web.IntegrationTests", "tests\Octogram.Chats.Application.Web.IntegrationTests\Octogram.Chats.Application.Web.IntegrationTests.csproj", "{5F6D5640-9417-4147-90E6-3F054EA75C1D}"
EndProject
Project("{FAE04EC0-301F-11D3-BF4B-00C04F79EFBC}") = "Octogram.Chats.Infrastructure.Queries.Abstractions", "src\Infrastructure\Octogram.Chats.Infrastructure.Queries.Abstractions\Octogram.Chats.Infrastructure.Queries.Abstractions.csproj", "{3592FD63-1101-48C8-8626-4BD0D439F861}"
EndProject
Project("{FAE04EC0-301F-11D3-BF4B-00C04F79EFBC}") = "Octogram.Chats.Infrastructure.CommandsBus.MassTransit", "src\Infrastructure\Octogram.Chats.Infrastructure.CommandsBus.MassTransit\Octogram.Chats.Infrastructure.CommandsBus.MassTransit.csproj", "{BCCEC74F-78D5-4EBA-A60B-98D6EC824310}"
EndProject
Project("{FAE04EC0-301F-11D3-BF4B-00C04F79EFBC}") = "Octogram.Chats.Domain.Abstractions", "src\Domain\Octogram.Chats.Domain.Abstractions\Octogram.Chats.Domain.Abstractions.csproj", "{0FEE21E8-1FE2-4232-9265-972FDABFCA5E}"
EndProject
Global
	GlobalSection(SolutionConfigurationPlatforms) = preSolution
		Debug|Any CPU = Debug|Any CPU
		Release|Any CPU = Release|Any CPU
	EndGlobalSection
	GlobalSection(ProjectConfigurationPlatforms) = postSolution
		{12C2128E-794B-4922-B229-9A6CD7F1766B}.Debug|Any CPU.ActiveCfg = Debug|Any CPU
		{12C2128E-794B-4922-B229-9A6CD7F1766B}.Release|Any CPU.ActiveCfg = Release|Any CPU
		{BD0C46DC-EC82-4017-848C-648C0248FAD5}.Debug|Any CPU.ActiveCfg = Debug|Any CPU
		{BD0C46DC-EC82-4017-848C-648C0248FAD5}.Debug|Any CPU.Build.0 = Debug|Any CPU
		{BD0C46DC-EC82-4017-848C-648C0248FAD5}.Release|Any CPU.ActiveCfg = Release|Any CPU
		{BD0C46DC-EC82-4017-848C-648C0248FAD5}.Release|Any CPU.Build.0 = Release|Any CPU
		{F72ECAE7-E8F0-4EF1-9E7B-215C7721153E}.Debug|Any CPU.ActiveCfg = Debug|Any CPU
		{F72ECAE7-E8F0-4EF1-9E7B-215C7721153E}.Debug|Any CPU.Build.0 = Debug|Any CPU
		{F72ECAE7-E8F0-4EF1-9E7B-215C7721153E}.Release|Any CPU.ActiveCfg = Release|Any CPU
		{F72ECAE7-E8F0-4EF1-9E7B-215C7721153E}.Release|Any CPU.Build.0 = Release|Any CPU
		{198FC642-21DA-4263-BD9B-8AAAD2F89644}.Debug|Any CPU.ActiveCfg = Debug|Any CPU
		{198FC642-21DA-4263-BD9B-8AAAD2F89644}.Debug|Any CPU.Build.0 = Debug|Any CPU
		{198FC642-21DA-4263-BD9B-8AAAD2F89644}.Release|Any CPU.ActiveCfg = Release|Any CPU
		{198FC642-21DA-4263-BD9B-8AAAD2F89644}.Release|Any CPU.Build.0 = Release|Any CPU
		{2A3FD5DC-7FB5-46D7-8E51-E3D92B875032}.Debug|Any CPU.ActiveCfg = Debug|Any CPU
		{2A3FD5DC-7FB5-46D7-8E51-E3D92B875032}.Debug|Any CPU.Build.0 = Debug|Any CPU
		{2A3FD5DC-7FB5-46D7-8E51-E3D92B875032}.Release|Any CPU.ActiveCfg = Release|Any CPU
		{2A3FD5DC-7FB5-46D7-8E51-E3D92B875032}.Release|Any CPU.Build.0 = Release|Any CPU
		{D55688BC-E44B-4233-9FB3-DD9B51AD8669}.Debug|Any CPU.ActiveCfg = Debug|Any CPU
		{D55688BC-E44B-4233-9FB3-DD9B51AD8669}.Debug|Any CPU.Build.0 = Debug|Any CPU
		{D55688BC-E44B-4233-9FB3-DD9B51AD8669}.Release|Any CPU.ActiveCfg = Release|Any CPU
		{D55688BC-E44B-4233-9FB3-DD9B51AD8669}.Release|Any CPU.Build.0 = Release|Any CPU
		{44EECE19-5BE6-4765-A5EB-FE8DA74CB8B2}.Debug|Any CPU.ActiveCfg = Debug|Any CPU
		{44EECE19-5BE6-4765-A5EB-FE8DA74CB8B2}.Debug|Any CPU.Build.0 = Debug|Any CPU
		{44EECE19-5BE6-4765-A5EB-FE8DA74CB8B2}.Release|Any CPU.ActiveCfg = Release|Any CPU
		{44EECE19-5BE6-4765-A5EB-FE8DA74CB8B2}.Release|Any CPU.Build.0 = Release|Any CPU
		{A00CD2B0-7414-4006-ACDC-45E69D6E09BA}.Debug|Any CPU.ActiveCfg = Debug|Any CPU
		{A00CD2B0-7414-4006-ACDC-45E69D6E09BA}.Debug|Any CPU.Build.0 = Debug|Any CPU
		{A00CD2B0-7414-4006-ACDC-45E69D6E09BA}.Release|Any CPU.ActiveCfg = Release|Any CPU
		{A00CD2B0-7414-4006-ACDC-45E69D6E09BA}.Release|Any CPU.Build.0 = Release|Any CPU
		{F47C40F1-BDCB-49EC-A04E-492651A3807C}.Debug|Any CPU.ActiveCfg = Debug|Any CPU
		{F47C40F1-BDCB-49EC-A04E-492651A3807C}.Debug|Any CPU.Build.0 = Debug|Any CPU
		{F47C40F1-BDCB-49EC-A04E-492651A3807C}.Release|Any CPU.ActiveCfg = Release|Any CPU
		{F47C40F1-BDCB-49EC-A04E-492651A3807C}.Release|Any CPU.Build.0 = Release|Any CPU
		{71578CC2-0D4E-41B1-815B-258C86C2B114}.Debug|Any CPU.ActiveCfg = Debug|Any CPU
		{71578CC2-0D4E-41B1-815B-258C86C2B114}.Debug|Any CPU.Build.0 = Debug|Any CPU
		{71578CC2-0D4E-41B1-815B-258C86C2B114}.Release|Any CPU.ActiveCfg = Release|Any CPU
		{71578CC2-0D4E-41B1-815B-258C86C2B114}.Release|Any CPU.Build.0 = Release|Any CPU
		{1249581E-2864-42B9-93A8-AFCE134EB888}.Debug|Any CPU.ActiveCfg = Debug|Any CPU
		{1249581E-2864-42B9-93A8-AFCE134EB888}.Debug|Any CPU.Build.0 = Debug|Any CPU
		{1249581E-2864-42B9-93A8-AFCE134EB888}.Release|Any CPU.ActiveCfg = Release|Any CPU
		{1249581E-2864-42B9-93A8-AFCE134EB888}.Release|Any CPU.Build.0 = Release|Any CPU
		{2C6115BF-5209-4979-A361-9BE38D17FC93}.Debug|Any CPU.ActiveCfg = Debug|Any CPU
		{2C6115BF-5209-4979-A361-9BE38D17FC93}.Debug|Any CPU.Build.0 = Debug|Any CPU
		{2C6115BF-5209-4979-A361-9BE38D17FC93}.Release|Any CPU.ActiveCfg = Release|Any CPU
		{2C6115BF-5209-4979-A361-9BE38D17FC93}.Release|Any CPU.Build.0 = Release|Any CPU
		{F6C87605-B074-437A-9782-75C6970E0747}.Debug|Any CPU.ActiveCfg = Debug|Any CPU
		{F6C87605-B074-437A-9782-75C6970E0747}.Debug|Any CPU.Build.0 = Debug|Any CPU
		{F6C87605-B074-437A-9782-75C6970E0747}.Release|Any CPU.ActiveCfg = Release|Any CPU
		{F6C87605-B074-437A-9782-75C6970E0747}.Release|Any CPU.Build.0 = Release|Any CPU
		{98767249-06BF-4B7E-8D7A-CDE2FF7EE916}.Debug|Any CPU.ActiveCfg = Debug|Any CPU
		{98767249-06BF-4B7E-8D7A-CDE2FF7EE916}.Debug|Any CPU.Build.0 = Debug|Any CPU
		{98767249-06BF-4B7E-8D7A-CDE2FF7EE916}.Release|Any CPU.ActiveCfg = Release|Any CPU
		{98767249-06BF-4B7E-8D7A-CDE2FF7EE916}.Release|Any CPU.Build.0 = Release|Any CPU
		{E058A334-8FE9-44C9-B8DE-FAC82373520B}.Debug|Any CPU.ActiveCfg = Debug|Any CPU
		{E058A334-8FE9-44C9-B8DE-FAC82373520B}.Debug|Any CPU.Build.0 = Debug|Any CPU
		{E058A334-8FE9-44C9-B8DE-FAC82373520B}.Release|Any CPU.ActiveCfg = Release|Any CPU
		{E058A334-8FE9-44C9-B8DE-FAC82373520B}.Release|Any CPU.Build.0 = Release|Any CPU
		{791B5C60-BDE2-4EA3-9EC7-4B97D06058B4}.Debug|Any CPU.ActiveCfg = Debug|Any CPU
		{791B5C60-BDE2-4EA3-9EC7-4B97D06058B4}.Debug|Any CPU.Build.0 = Debug|Any CPU
		{791B5C60-BDE2-4EA3-9EC7-4B97D06058B4}.Release|Any CPU.ActiveCfg = Release|Any CPU
		{791B5C60-BDE2-4EA3-9EC7-4B97D06058B4}.Release|Any CPU.Build.0 = Release|Any CPU
		{5F6D5640-9417-4147-90E6-3F054EA75C1D}.Debug|Any CPU.ActiveCfg = Debug|Any CPU
		{5F6D5640-9417-4147-90E6-3F054EA75C1D}.Debug|Any CPU.Build.0 = Debug|Any CPU
		{5F6D5640-9417-4147-90E6-3F054EA75C1D}.Release|Any CPU.ActiveCfg = Release|Any CPU
		{5F6D5640-9417-4147-90E6-3F054EA75C1D}.Release|Any CPU.Build.0 = Release|Any CPU
		{3592FD63-1101-48C8-8626-4BD0D439F861}.Debug|Any CPU.ActiveCfg = Debug|Any CPU
		{3592FD63-1101-48C8-8626-4BD0D439F861}.Debug|Any CPU.Build.0 = Debug|Any CPU
		{3592FD63-1101-48C8-8626-4BD0D439F861}.Release|Any CPU.ActiveCfg = Release|Any CPU
		{3592FD63-1101-48C8-8626-4BD0D439F861}.Release|Any CPU.Build.0 = Release|Any CPU
		{BCCEC74F-78D5-4EBA-A60B-98D6EC824310}.Debug|Any CPU.ActiveCfg = Debug|Any CPU
		{BCCEC74F-78D5-4EBA-A60B-98D6EC824310}.Debug|Any CPU.Build.0 = Debug|Any CPU
		{BCCEC74F-78D5-4EBA-A60B-98D6EC824310}.Release|Any CPU.ActiveCfg = Release|Any CPU
		{BCCEC74F-78D5-4EBA-A60B-98D6EC824310}.Release|Any CPU.Build.0 = Release|Any CPU
		{0FEE21E8-1FE2-4232-9265-972FDABFCA5E}.Debug|Any CPU.ActiveCfg = Debug|Any CPU
		{0FEE21E8-1FE2-4232-9265-972FDABFCA5E}.Debug|Any CPU.Build.0 = Debug|Any CPU
		{0FEE21E8-1FE2-4232-9265-972FDABFCA5E}.Release|Any CPU.ActiveCfg = Release|Any CPU
		{0FEE21E8-1FE2-4232-9265-972FDABFCA5E}.Release|Any CPU.Build.0 = Release|Any CPU
	EndGlobalSection
	GlobalSection(NestedProjects) = preSolution
		{7162EAEB-1718-406E-85A3-A68850AE9046} = {4118363B-5E25-4302-8347-7B1A01537745}
		{3299A72F-41B2-4141-BF59-E3E643930849} = {4118363B-5E25-4302-8347-7B1A01537745}
		{AC6A16DC-B3CD-4F8E-B038-ED355EB51296} = {4118363B-5E25-4302-8347-7B1A01537745}
		{BD0C46DC-EC82-4017-848C-648C0248FAD5} = {7162EAEB-1718-406E-85A3-A68850AE9046}
		{F72ECAE7-E8F0-4EF1-9E7B-215C7721153E} = {3299A72F-41B2-4141-BF59-E3E643930849}
		{198FC642-21DA-4263-BD9B-8AAAD2F89644} = {3299A72F-41B2-4141-BF59-E3E643930849}
		{2A3FD5DC-7FB5-46D7-8E51-E3D92B875032} = {3299A72F-41B2-4141-BF59-E3E643930849}
		{D55688BC-E44B-4233-9FB3-DD9B51AD8669} = {AC6A16DC-B3CD-4F8E-B038-ED355EB51296}
		{44EECE19-5BE6-4765-A5EB-FE8DA74CB8B2} = {AC6A16DC-B3CD-4F8E-B038-ED355EB51296}
		{A00CD2B0-7414-4006-ACDC-45E69D6E09BA} = {AC6A16DC-B3CD-4F8E-B038-ED355EB51296}
		{F47C40F1-BDCB-49EC-A04E-492651A3807C} = {AC6A16DC-B3CD-4F8E-B038-ED355EB51296}
		{71578CC2-0D4E-41B1-815B-258C86C2B114} = {AC6A16DC-B3CD-4F8E-B038-ED355EB51296}
		{1249581E-2864-42B9-93A8-AFCE134EB888} = {7162EAEB-1718-406E-85A3-A68850AE9046}
		{2C6115BF-5209-4979-A361-9BE38D17FC93} = {7162EAEB-1718-406E-85A3-A68850AE9046}
		{F6C87605-B074-437A-9782-75C6970E0747} = {7162EAEB-1718-406E-85A3-A68850AE9046}
		{98767249-06BF-4B7E-8D7A-CDE2FF7EE916} = {7162EAEB-1718-406E-85A3-A68850AE9046}
		{E058A334-8FE9-44C9-B8DE-FAC82373520B} = {AC6A16DC-B3CD-4F8E-B038-ED355EB51296}
		{791B5C60-BDE2-4EA3-9EC7-4B97D06058B4} = {AC6A16DC-B3CD-4F8E-B038-ED355EB51296}
		{5F6D5640-9417-4147-90E6-3F054EA75C1D} = {213CF526-CBCA-4DDA-B826-A41575A16D94}
		{3592FD63-1101-48C8-8626-4BD0D439F861} = {AC6A16DC-B3CD-4F8E-B038-ED355EB51296}
		{BCCEC74F-78D5-4EBA-A60B-98D6EC824310} = {AC6A16DC-B3CD-4F8E-B038-ED355EB51296}
		{0FEE21E8-1FE2-4232-9265-972FDABFCA5E} = {3299A72F-41B2-4141-BF59-E3E643930849}
	EndGlobalSection
EndGlobal
